<?xml version="1.0" encoding="utf-8"?>
<Project ToolsVersion="4.0" xmlns="http://schemas.microsoft.com/developer/msbuild/2003">
  <ItemGroup>
    <Filter Include="源文件">
      <UniqueIdentifier>{4FC737F1-C7A5-4376-A066-2A32D752A2FF}</UniqueIdentifier>
      <Extensions>cpp;c;cc;cxx;c++;cppm;ixx;def;odl;idl;hpj;bat;asm;asmx</Extensions>
    </Filter>
    <Filter Include="头文件">
      <UniqueIdentifier>{93995380-89BD-4b04-88EB-625FBE52EBFB}</UniqueIdentifier>
      <Extensions>h;hh;hpp;hxx;h++;hm;inl;inc;ipp;xsd</Extensions>
    </Filter>
    <Filter Include="资源文件">
      <UniqueIdentifier>{67DA6AB6-F800-4c08-8B7A-83BB121AAD01}</UniqueIdentifier>
      <Extensions>rc;ico;cur;bmp;dlg;rc2;rct;bin;rgs;gif;jpg;jpeg;jpe;resx;tiff;tif;png;wav;mfcribbon-ms</Extensions>
    </Filter>
  </ItemGroup>
  <ItemGroup>
    <ClCompile Include="LeetCode.cpp">
      <Filter>源文件</Filter>
    </ClCompile>
    <ClCompile Include="hammingDistance.cpp">
      <Filter>源文件</Filter>
    </ClCompile>
    <ClCompile Include="rob.cpp">
      <Filter>源文件</Filter>
    </ClCompile>
    <ClCompile Include="totalHammingDistance.cpp">
      <Filter>源文件</Filter>
    </ClCompile>
    <ClCompile Include="TreeNode.cpp">
      <Filter>源文件</Filter>
    </ClCompile>
    <ClCompile Include="rob1.cpp">
      <Filter>源文件</Filter>
    </ClCompile>
    <ClCompile Include="ListNode.cpp">
      <Filter>源文件</Filter>
    </ClCompile>
    <ClCompile Include="getIntersectionNode.cpp">
      <Filter>源文件</Filter>
    </ClCompile>
    <ClCompile Include="lastStoneWeightII.cpp">
      <Filter>源文件</Filter>
    </ClCompile>
    <ClCompile Include="change.cpp">
      <Filter>源文件</Filter>
    </ClCompile>
    <ClCompile Include="twoEggDrop.cpp">
      <Filter>源文件</Filter>
    </ClCompile>
    <ClCompile Include="canPartition.cpp">
      <Filter>源文件</Filter>
    </ClCompile>
    <ClCompile Include="findMaxForm.cpp">
      <Filter>源文件</Filter>
    </ClCompile>
    <ClCompile Include="coinChange.cpp">
      <Filter>源文件</Filter>
    </ClCompile>
    <ClCompile Include="openLock.cpp">
      <Filter>源文件</Filter>
    </ClCompile>
    <ClCompile Include="convertToTitle.cpp">
      <Filter>源文件</Filter>
    </ClCompile>
    <ClCompile Include="maxIceCream.cpp">
      <Filter>源文件</Filter>
    </ClCompile>
    <ClCompile Include="longestCommonSubsequence.cpp">
      <Filter>源文件</Filter>
    </ClCompile>
    <ClCompile Include="majorityElement.cpp">
      <Filter>源文件</Filter>
    </ClCompile>
    <ClCompile Include="hIndex.cpp">
      <Filter>源文件</Filter>
    </ClCompile>
    <ClCompile Include="longestPalindromeSubseq.cpp">
      <Filter>源文件</Filter>
    </ClCompile>
    <ClCompile Include="maximumElementAfterDecrementingAndRearranging.cpp">
      <Filter>源文件</Filter>
    </ClCompile>
    <ClCompile Include="stoneGame.cpp">
      <Filter>源文件</Filter>
    </ClCompile>
    <ClCompile Include="search.cpp">
      <Filter>源文件</Filter>
    </ClCompile>
    <ClCompile Include="maxFrequency.cpp">
      <Filter>源文件</Filter>
    </ClCompile>
    <ClCompile Include="minPairSum.cpp">
      <Filter>源文件</Filter>
    </ClCompile>
    <ClCompile Include="isCovered.cpp">
      <Filter>源文件</Filter>
    </ClCompile>
    <ClCompile Include="maximumTime.cpp">
      <Filter>源文件</Filter>
    </ClCompile>
    <ClCompile Include="lengthOfLIS.cpp">
      <Filter>源文件</Filter>
    </ClCompile>
    <ClCompile Include="numberOfArithmeticSlices.cpp">
      <Filter>源文件</Filter>
    </ClCompile>
    <ClCompile Include="countArrangement.cpp">
      <Filter>源文件</Filter>
    </ClCompile>
    <ClCompile Include="BubbleSort.cpp">
      <Filter>源文件</Filter>
    </ClCompile>
    <ClCompile Include="QuickSort.cpp">
      <Filter>源文件</Filter>
    </ClCompile>
    <ClCompile Include="reverseVowels.cpp">
      <Filter>源文件</Filter>
    </ClCompile>
    <ClCompile Include="HeapSort.cpp">
      <Filter>源文件</Filter>
    </ClCompile>
    <ClCompile Include="selectSort.cpp">
      <Filter>源文件</Filter>
    </ClCompile>
    <ClCompile Include="InsertSort.cpp">
      <Filter>源文件</Filter>
    </ClCompile>
    <ClCompile Include="shellSort.cpp">
      <Filter>源文件</Filter>
    </ClCompile>
    <ClCompile Include="mergeSort.cpp">
      <Filter>源文件</Filter>
    </ClCompile>
    <ClCompile Include="allPathsSourceTarget.cpp">
      <Filter>源文件</Filter>
    </ClCompile>
    <ClCompile Include="radixSort.cpp">
      <Filter>源文件</Filter>
    </ClCompile>
    <ClCompile Include="numRescueBoats.cpp">
      <Filter>源文件</Filter>
    </ClCompile>
    <ClCompile Include="treeTraverse.cpp">
      <Filter>源文件</Filter>
    </ClCompile>
    <ClCompile Include="eraseOverlapIntervals.cpp">
      <Filter>源文件</Filter>
    </ClCompile>
    <ClCompile Include="corpFlightBookings.cpp">
      <Filter>源文件</Filter>
    </ClCompile>
    <ClCompile Include="findMinArrowShots.cpp">
      <Filter>源文件</Filter>
    </ClCompile>
    <ClCompile Include="BinarySearch.cpp">
      <Filter>源文件</Filter>
    </ClCompile>
    <ClCompile Include="canJump.cpp">
      <Filter>源文件</Filter>
    </ClCompile>
    <ClCompile Include="balancedStringSplit.cpp">
      <Filter>源文件</Filter>
    </ClCompile>
    <ClCompile Include="merge.cpp">
      <Filter>源文件</Filter>
    </ClCompile>
    <ClCompile Include="findMaximizedCapital.cpp">
      <Filter>源文件</Filter>
    </ClCompile>
    <ClCompile Include="insert.cpp">
      <Filter>源文件</Filter>
    </ClCompile>
    <ClCompile Include="chalkReplacer.cpp">
      <Filter>源文件</Filter>
    </ClCompile>
    <ClCompile Include="findPeakElement.cpp">
      <Filter>源文件</Filter>
    </ClCompile>
    <ClCompile Include="rotateRight.cpp">
      <Filter>源文件</Filter>
    </ClCompile>
    <ClCompile Include="uniquePaths.cpp">
      <Filter>源文件</Filter>
    </ClCompile>
    <ClCompile Include="uniquePathsWithObstacles.cpp">
      <Filter>源文件</Filter>
    </ClCompile>
    <ClCompile Include="minPathSum.cpp">
      <Filter>源文件</Filter>
    </ClCompile>
  </ItemGroup>
  <ItemGroup>
    <ClInclude Include="LeetCode.h">
      <Filter>头文件</Filter>
    </ClInclude>
  </ItemGroup>
</Project>